
Microsoft Visual Studio Solution File, Format Version 12.00
# Visual Studio Version 16
VisualStudioVersion = 16.0.31729.503
MinimumVisualStudioVersion = 10.0.40219.1
Project("{FAE04EC0-301F-11D3-BF4B-00C04F79EFBC}") = "Annotations", "Annotations.csproj", "{5205CA2B-093E-48D4-B67F-80E281AB4975}"
EndProject
Global
	GlobalSection(SolutionConfigurationPlatforms) = preSolution
		Debug|Any CPU = Debug|Any CPU
		Release|Any CPU = Release|Any CPU
	EndGlobalSection
	GlobalSection(ProjectConfigurationPlatforms) = postSolution
		{5205CA2B-093E-48D4-B67F-80E281AB4975}.Debug|Any CPU.ActiveCfg = Debug|Any CPU
		{5205CA2B-093E-48D4-B67F-80E281AB4975}.Debug|Any CPU.Build.0 = Debug|Any CPU
		{5205CA2B-093E-48D4-B67F-80E281AB4975}.Release|Any CPU.ActiveCfg = Release|Any CPU
		{5205CA2B-093E-48D4-B67F-80E281AB4975}.Release|Any CPU.Build.0 = Release|Any CPU
	EndGlobalSection
	GlobalSection(SolutionProperties) = preSolution
		HideSolutionNode = FALSE
	EndGlobalSection
	GlobalSection(ExtensibilityGlobals) = postSolution
		SolutionGuid = {990A3863-BDA4-405F-89E2-79D0E64A9873}
	EndGlobalSection
EndGlobal
